
Microsoft Visual Studio Solution File, Format Version 12.00
# Visual Studio 2013
VisualStudioVersion = 12.0.30501.0
MinimumVisualStudioVersion = 10.0.40219.1
Project("{FAE04EC0-301F-11D3-BF4B-00C04F79EFBC}") = "EDC2015-Trabalho2", "EDC2015-Trabalho2\EDC2015-Trabalho2.csproj", "{ACBE8BA2-DA78-40BF-9B2F-F4184B931657}"
EndProject
Global
	GlobalSection(SolutionConfigurationPlatforms) = preSolution
		Debug|Any CPU = Debug|Any CPU
		Release|Any CPU = Release|Any CPU
	EndGlobalSection
	GlobalSection(ProjectConfigurationPlatforms) = postSolution
		{ACBE8BA2-DA78-40BF-9B2F-F4184B931657}.Debug|Any CPU.ActiveCfg = Debug|Any CPU
		{ACBE8BA2-DA78-40BF-9B2F-F4184B931657}.Debug|Any CPU.Build.0 = Debug|Any CPU
		{ACBE8BA2-DA78-40BF-9B2F-F4184B931657}.Release|Any CPU.ActiveCfg = Release|Any CPU
		{ACBE8BA2-DA78-40BF-9B2F-F4184B931657}.Release|Any CPU.Build.0 = Release|Any CPU
	EndGlobalSection
	GlobalSection(SolutionProperties) = preSolution
		HideSolutionNode = FALSE
	EndGlobalSection
EndGlobal
