
Microsoft Visual Studio Solution File, Format Version 12.00
# Visual Studio 2013
VisualStudioVersion = 12.0.21005.1
MinimumVisualStudioVersion = 10.0.40219.1
Project("{FAE04EC0-301F-11D3-BF4B-00C04F79EFBC}") = "EDC2015-Trabalho1", "EDC2015-Trabalho1\EDC2015-Trabalho1.csproj", "{157F34D2-6738-4455-84A8-1939E975A4D0}"
EndProject
Global
	GlobalSection(SolutionConfigurationPlatforms) = preSolution
		Debug|Any CPU = Debug|Any CPU
		Release|Any CPU = Release|Any CPU
	EndGlobalSection
	GlobalSection(ProjectConfigurationPlatforms) = postSolution
		{157F34D2-6738-4455-84A8-1939E975A4D0}.Debug|Any CPU.ActiveCfg = Debug|Any CPU
		{157F34D2-6738-4455-84A8-1939E975A4D0}.Debug|Any CPU.Build.0 = Debug|Any CPU
		{157F34D2-6738-4455-84A8-1939E975A4D0}.Release|Any CPU.ActiveCfg = Release|Any CPU
		{157F34D2-6738-4455-84A8-1939E975A4D0}.Release|Any CPU.Build.0 = Release|Any CPU
	EndGlobalSection
	GlobalSection(SolutionProperties) = preSolution
		HideSolutionNode = FALSE
	EndGlobalSection
EndGlobal
